
Microsoft Visual Studio Solution File, Format Version 12.00
# Visual Studio 14
VisualStudioVersion = 14.0.25420.1
MinimumVisualStudioVersion = 10.0.40219.1
Project("{FAE04EC0-301F-11D3-BF4B-00C04F79EFBC}") = "KafkaConsumer", "KafkaConsumer\KafkaConsumer.csproj", "{40BE709F-22A3-4BBE-8DF8-5C5C87D0B625}"
EndProject
Project("{FAE04EC0-301F-11D3-BF4B-00C04F79EFBC}") = "KafkaProducer", "KafkaProducer\KafkaProducer.csproj", "{61E07D45-1FE3-4CBD-8D87-12ECD1DB37C9}"
EndProject
Global
	GlobalSection(SolutionConfigurationPlatforms) = preSolution
		Debug|Any CPU = Debug|Any CPU
		Release|Any CPU = Release|Any CPU
	EndGlobalSection
	GlobalSection(ProjectConfigurationPlatforms) = postSolution
		{40BE709F-22A3-4BBE-8DF8-5C5C87D0B625}.Debug|Any CPU.ActiveCfg = Debug|Any CPU
		{40BE709F-22A3-4BBE-8DF8-5C5C87D0B625}.Debug|Any CPU.Build.0 = Debug|Any CPU
		{40BE709F-22A3-4BBE-8DF8-5C5C87D0B625}.Release|Any CPU.ActiveCfg = Release|Any CPU
		{40BE709F-22A3-4BBE-8DF8-5C5C87D0B625}.Release|Any CPU.Build.0 = Release|Any CPU
		{61E07D45-1FE3-4CBD-8D87-12ECD1DB37C9}.Debug|Any CPU.ActiveCfg = Debug|Any CPU
		{61E07D45-1FE3-4CBD-8D87-12ECD1DB37C9}.Debug|Any CPU.Build.0 = Debug|Any CPU
		{61E07D45-1FE3-4CBD-8D87-12ECD1DB37C9}.Release|Any CPU.ActiveCfg = Release|Any CPU
		{61E07D45-1FE3-4CBD-8D87-12ECD1DB37C9}.Release|Any CPU.Build.0 = Release|Any CPU
	EndGlobalSection
	GlobalSection(SolutionProperties) = preSolution
		HideSolutionNode = FALSE
	EndGlobalSection
EndGlobal
